
Microsoft Visual Studio Solution File, Format Version 12.00
# Visual Studio Version 17
VisualStudioVersion = 17.0.31903.59
MinimumVisualStudioVersion = 10.0.40219.1
Project("{2150E333-8FDC-42A3-9474-1A3956D46DE8}") = "src", "src", "{827E0CD3-B72D-47B6-A68D-7590B98EB39B}"
EndProject
Project("{FAE04EC0-301F-11D3-BF4B-00C04F79EFBC}") = "X12Viewer.Domain", "src\X12Viewer.Domain\X12Viewer.Domain.csproj", "{3B986A9A-5693-45E4-BCB2-DF395CB4DB18}"
EndProject
Project("{FAE04EC0-301F-11D3-BF4B-00C04F79EFBC}") = "X12Viewer.Application", "src\X12Viewer.Application\X12Viewer.Application.csproj", "{E30DC7D2-FDA5-4C2C-8D05-3D593E9D5B20}"
EndProject
Project("{FAE04EC0-301F-11D3-BF4B-00C04F79EFBC}") = "X12Viewer.Wpf", "src\X12Viewer.Wpf\X12Viewer.Wpf.csproj", "{9A74B5C7-62C6-4CD8-9D12-FE8AE3EE9FE1}"
EndProject
Project("{FAE04EC0-301F-11D3-BF4B-00C04F79EFBC}") = "X12Viewer.Cli", "src\X12Viewer.Cli\X12Viewer.Cli.csproj", "{ABD7771E-EAE0-484F-9843-7B3CEECD0736}"
EndProject
Project("{FAE04EC0-301F-11D3-BF4B-00C04F79EFBC}") = "X12Viewer.Tests", "tests\X12Viewer.Tests\X12Viewer.Tests.csproj", "{7E9CFB8D-6C91-49F7-B7A7-074E63073BA1}"
EndProject
Global
	GlobalSection(SolutionConfigurationPlatforms) = preSolution
		Debug|Any CPU = Debug|Any CPU
		Debug|x64 = Debug|x64
		Debug|x86 = Debug|x86
		Release|Any CPU = Release|Any CPU
		Release|x64 = Release|x64
		Release|x86 = Release|x86
	EndGlobalSection
	GlobalSection(ProjectConfigurationPlatforms) = postSolution
		{3B986A9A-5693-45E4-BCB2-DF395CB4DB18}.Debug|Any CPU.ActiveCfg = Debug|Any CPU
		{3B986A9A-5693-45E4-BCB2-DF395CB4DB18}.Debug|Any CPU.Build.0 = Debug|Any CPU
		{3B986A9A-5693-45E4-BCB2-DF395CB4DB18}.Debug|x64.ActiveCfg = Debug|Any CPU
		{3B986A9A-5693-45E4-BCB2-DF395CB4DB18}.Debug|x64.Build.0 = Debug|Any CPU
		{3B986A9A-5693-45E4-BCB2-DF395CB4DB18}.Debug|x86.ActiveCfg = Debug|Any CPU
		{3B986A9A-5693-45E4-BCB2-DF395CB4DB18}.Debug|x86.Build.0 = Debug|Any CPU
		{3B986A9A-5693-45E4-BCB2-DF395CB4DB18}.Release|Any CPU.ActiveCfg = Release|Any CPU
		{3B986A9A-5693-45E4-BCB2-DF395CB4DB18}.Release|Any CPU.Build.0 = Release|Any CPU
		{3B986A9A-5693-45E4-BCB2-DF395CB4DB18}.Release|x64.ActiveCfg = Release|Any CPU
		{3B986A9A-5693-45E4-BCB2-DF395CB4DB18}.Release|x64.Build.0 = Release|Any CPU
		{3B986A9A-5693-45E4-BCB2-DF395CB4DB18}.Release|x86.ActiveCfg = Release|Any CPU
		{3B986A9A-5693-45E4-BCB2-DF395CB4DB18}.Release|x86.Build.0 = Release|Any CPU
		{E30DC7D2-FDA5-4C2C-8D05-3D593E9D5B20}.Debug|Any CPU.ActiveCfg = Debug|Any CPU
		{E30DC7D2-FDA5-4C2C-8D05-3D593E9D5B20}.Debug|Any CPU.Build.0 = Debug|Any CPU
		{E30DC7D2-FDA5-4C2C-8D05-3D593E9D5B20}.Debug|x64.ActiveCfg = Debug|Any CPU
		{E30DC7D2-FDA5-4C2C-8D05-3D593E9D5B20}.Debug|x64.Build.0 = Debug|Any CPU
		{E30DC7D2-FDA5-4C2C-8D05-3D593E9D5B20}.Debug|x86.ActiveCfg = Debug|Any CPU
		{E30DC7D2-FDA5-4C2C-8D05-3D593E9D5B20}.Debug|x86.Build.0 = Debug|Any CPU
		{E30DC7D2-FDA5-4C2C-8D05-3D593E9D5B20}.Release|Any CPU.ActiveCfg = Release|Any CPU
		{E30DC7D2-FDA5-4C2C-8D05-3D593E9D5B20}.Release|Any CPU.Build.0 = Release|Any CPU
		{E30DC7D2-FDA5-4C2C-8D05-3D593E9D5B20}.Release|x64.ActiveCfg = Release|Any CPU
		{E30DC7D2-FDA5-4C2C-8D05-3D593E9D5B20}.Release|x64.Build.0 = Release|Any CPU
		{E30DC7D2-FDA5-4C2C-8D05-3D593E9D5B20}.Release|x86.ActiveCfg = Release|Any CPU
		{E30DC7D2-FDA5-4C2C-8D05-3D593E9D5B20}.Release|x86.Build.0 = Release|Any CPU
		{9A74B5C7-62C6-4CD8-9D12-FE8AE3EE9FE1}.Debug|Any CPU.ActiveCfg = Debug|Any CPU
		{9A74B5C7-62C6-4CD8-9D12-FE8AE3EE9FE1}.Debug|Any CPU.Build.0 = Debug|Any CPU
		{9A74B5C7-62C6-4CD8-9D12-FE8AE3EE9FE1}.Debug|x64.ActiveCfg = Debug|Any CPU
		{9A74B5C7-62C6-4CD8-9D12-FE8AE3EE9FE1}.Debug|x64.Build.0 = Debug|Any CPU
		{9A74B5C7-62C6-4CD8-9D12-FE8AE3EE9FE1}.Debug|x86.ActiveCfg = Debug|Any CPU
		{9A74B5C7-62C6-4CD8-9D12-FE8AE3EE9FE1}.Debug|x86.Build.0 = Debug|Any CPU
		{9A74B5C7-62C6-4CD8-9D12-FE8AE3EE9FE1}.Release|Any CPU.ActiveCfg = Release|Any CPU
		{9A74B5C7-62C6-4CD8-9D12-FE8AE3EE9FE1}.Release|Any CPU.Build.0 = Release|Any CPU
		{9A74B5C7-62C6-4CD8-9D12-FE8AE3EE9FE1}.Release|x64.ActiveCfg = Release|Any CPU
		{9A74B5C7-62C6-4CD8-9D12-FE8AE3EE9FE1}.Release|x64.Build.0 = Release|Any CPU
		{9A74B5C7-62C6-4CD8-9D12-FE8AE3EE9FE1}.Release|x86.ActiveCfg = Release|Any CPU
		{9A74B5C7-62C6-4CD8-9D12-FE8AE3EE9FE1}.Release|x86.Build.0 = Release|Any CPU
		{ABD7771E-EAE0-484F-9843-7B3CEECD0736}.Debug|Any CPU.ActiveCfg = Debug|Any CPU
		{ABD7771E-EAE0-484F-9843-7B3CEECD0736}.Debug|Any CPU.Build.0 = Debug|Any CPU
		{ABD7771E-EAE0-484F-9843-7B3CEECD0736}.Debug|x64.ActiveCfg = Debug|Any CPU
		{ABD7771E-EAE0-484F-9843-7B3CEECD0736}.Debug|x64.Build.0 = Debug|Any CPU
		{ABD7771E-EAE0-484F-9843-7B3CEECD0736}.Debug|x86.ActiveCfg = Debug|Any CPU
		{ABD7771E-EAE0-484F-9843-7B3CEECD0736}.Debug|x86.Build.0 = Debug|Any CPU
		{ABD7771E-EAE0-484F-9843-7B3CEECD0736}.Release|Any CPU.ActiveCfg = Release|Any CPU
		{ABD7771E-EAE0-484F-9843-7B3CEECD0736}.Release|Any CPU.Build.0 = Release|Any CPU
		{ABD7771E-EAE0-484F-9843-7B3CEECD0736}.Release|x64.ActiveCfg = Release|Any CPU
		{ABD7771E-EAE0-484F-9843-7B3CEECD0736}.Release|x64.Build.0 = Release|Any CPU
		{ABD7771E-EAE0-484F-9843-7B3CEECD0736}.Release|x86.ActiveCfg = Release|Any CPU
		{ABD7771E-EAE0-484F-9843-7B3CEECD0736}.Release|x86.Build.0 = Release|Any CPU
		{7E9CFB8D-6C91-49F7-B7A7-074E63073BA1}.Debug|Any CPU.ActiveCfg = Debug|Any CPU
		{7E9CFB8D-6C91-49F7-B7A7-074E63073BA1}.Debug|Any CPU.Build.0 = Debug|Any CPU
		{7E9CFB8D-6C91-49F7-B7A7-074E63073BA1}.Debug|x64.ActiveCfg = Debug|Any CPU
		{7E9CFB8D-6C91-49F7-B7A7-074E63073BA1}.Debug|x64.Build.0 = Debug|Any CPU
		{7E9CFB8D-6C91-49F7-B7A7-074E63073BA1}.Debug|x86.ActiveCfg = Debug|Any CPU
		{7E9CFB8D-6C91-49F7-B7A7-074E63073BA1}.Debug|x86.Build.0 = Debug|Any CPU
		{7E9CFB8D-6C91-49F7-B7A7-074E63073BA1}.Release|Any CPU.ActiveCfg = Release|Any CPU
		{7E9CFB8D-6C91-49F7-B7A7-074E63073BA1}.Release|Any CPU.Build.0 = Release|Any CPU
		{7E9CFB8D-6C91-49F7-B7A7-074E63073BA1}.Release|x64.ActiveCfg = Release|Any CPU
		{7E9CFB8D-6C91-49F7-B7A7-074E63073BA1}.Release|x64.Build.0 = Release|Any CPU
		{7E9CFB8D-6C91-49F7-B7A7-074E63073BA1}.Release|x86.ActiveCfg = Release|Any CPU
		{7E9CFB8D-6C91-49F7-B7A7-074E63073BA1}.Release|x86.Build.0 = Release|Any CPU
	EndGlobalSection
	GlobalSection(SolutionProperties) = preSolution
		HideSolutionNode = FALSE
	EndGlobalSection
	GlobalSection(NestedProjects) = preSolution
		{3B986A9A-5693-45E4-BCB2-DF395CB4DB18} = {827E0CD3-B72D-47B6-A68D-7590B98EB39B}
		{E30DC7D2-FDA5-4C2C-8D05-3D593E9D5B20} = {827E0CD3-B72D-47B6-A68D-7590B98EB39B}
		{9A74B5C7-62C6-4CD8-9D12-FE8AE3EE9FE1} = {827E0CD3-B72D-47B6-A68D-7590B98EB39B}
		{ABD7771E-EAE0-484F-9843-7B3CEECD0736} = {827E0CD3-B72D-47B6-A68D-7590B98EB39B}
		{7E9CFB8D-6C91-49F7-B7A7-074E63073BA1} = {827E0CD3-B72D-47B6-A68D-7590B98EB39B}
	EndGlobalSection
EndGlobal
